
Microsoft Visual Studio Solution File, Format Version 12.00
# Visual Studio Version 16
VisualStudioVersion = 16.0.31402.337
MinimumVisualStudioVersion = 10.0.40219.1
Project("{FAE04EC0-301F-11D3-BF4B-00C04F79EFBC}") = "Activity4", "Activity4\Activity4.csproj", "{50BBA57B-6112-43D2-9EC7-34353A35FC1A}"
EndProject
Global
	GlobalSection(SolutionConfigurationPlatforms) = preSolution
		Debug|Any CPU = Debug|Any CPU
		Release|Any CPU = Release|Any CPU
	EndGlobalSection
	GlobalSection(ProjectConfigurationPlatforms) = postSolution
		{50BBA57B-6112-43D2-9EC7-34353A35FC1A}.Debug|Any CPU.ActiveCfg = Debug|Any CPU
		{50BBA57B-6112-43D2-9EC7-34353A35FC1A}.Debug|Any CPU.Build.0 = Debug|Any CPU
		{50BBA57B-6112-43D2-9EC7-34353A35FC1A}.Release|Any CPU.ActiveCfg = Release|Any CPU
		{50BBA57B-6112-43D2-9EC7-34353A35FC1A}.Release|Any CPU.Build.0 = Release|Any CPU
	EndGlobalSection
	GlobalSection(SolutionProperties) = preSolution
		HideSolutionNode = FALSE
	EndGlobalSection
	GlobalSection(ExtensibilityGlobals) = postSolution
		SolutionGuid = {6FB4A868-A09F-463C-A549-D3244F04A37C}
	EndGlobalSection
EndGlobal
